// !$*UTF8*$!
{
	archiveVersion = 1;
	classes = {
	};
	objectVersion = 52;
	objects = {

/* Begin PBXBuildFile section */
		9E9C338A26E735640036175C /* AppDelegate.swift in Sources */ = {isa = PBXBuildFile; fileRef = 9E9C338926E735640036175C /* AppDelegate.swift */; };
		9E9C338C26E735640036175C /* SceneDelegate.swift in Sources */ = {isa = PBXBuildFile; fileRef = 9E9C338B26E735640036175C /* SceneDelegate.swift */; };
		9E9C338E26E735640036175C /* ViewController.swift in Sources */ = {isa = PBXBuildFile; fileRef = 9E9C338D26E735640036175C /* ViewController.swift */; };
		9E9C339326E735680036175C /* Assets.xcassets in Resources */ = {isa = PBXBuildFile; fileRef = 9E9C339226E735680036175C /* Assets.xcassets */; };
		9E9C339626E735680036175C /* LaunchScreen.storyboard in Resources */ = {isa = PBXBuildFile; fileRef = 9E9C339426E735680036175C /* LaunchScreen.storyboard */; };
		9E9C339F26E7371B0036175C /* ReactorKit in Frameworks */ = {isa = PBXBuildFile; productRef = 9E9C339E26E7371B0036175C /* ReactorKit */; };
		9E9C33A226E737900036175C /* RxSwift in Frameworks */ = {isa = PBXBuildFile; productRef = 9E9C33A126E737900036175C /* RxSwift */; };
		9E9C33A626E737900036175C /* RxRelay in Frameworks */ = {isa = PBXBuildFile; productRef = 9E9C33A526E737900036175C /* RxRelay */; };
		9E9C33A826E737900036175C /* RxCocoa in Frameworks */ = {isa = PBXBuildFile; productRef = 9E9C33A726E737900036175C /* RxCocoa */; };
		9E9C33AA26E737900036175C /* RxBlocking in Frameworks */ = {isa = PBXBuildFile; productRef = 9E9C33A926E737900036175C /* RxBlocking */; };
		9EDDD65726EDAC9700456352 /* NewReactor.swift in Sources */ = {isa = PBXBuildFile; fileRef = 9EDDD65626EDAC9700456352 /* NewReactor.swift */; };
		9EDDD65926EDAEA800456352 /* BaseViewController.swift in Sources */ = {isa = PBXBuildFile; fileRef = 9EDDD65826EDAEA800456352 /* BaseViewController.swift */; };
		9EDDD65B26EDB11F00456352 /* UIView+Extension.swift in Sources */ = {isa = PBXBuildFile; fileRef = 9EDDD65A26EDB11F00456352 /* UIView+Extension.swift */; };
		9EE8C5F627087DB800627CFA /* Moya in Frameworks */ = {isa = PBXBuildFile; productRef = 9EE8C5F527087DB800627CFA /* Moya */; };
		9EE8C5F827087DB800627CFA /* RxMoya in Frameworks */ = {isa = PBXBuildFile; productRef = 9EE8C5F727087DB800627CFA /* RxMoya */; };
		9EE8C5FE2708850F00627CFA /* APITarget.swift in Sources */ = {isa = PBXBuildFile; fileRef = 9EE8C5FD2708850F00627CFA /* APITarget.swift */; };
		9EE8C6002708855B00627CFA /* APIService.swift in Sources */ = {isa = PBXBuildFile; fileRef = 9EE8C5FF2708855B00627CFA /* APIService.swift */; };
		B11E60402708CCA5002B1294 /* SearchViewController.swift in Sources */ = {isa = PBXBuildFile; fileRef = B11E603F2708CCA5002B1294 /* SearchViewController.swift */; };
		B11E60422708CCB5002B1294 /* SearchReactor.swift in Sources */ = {isa = PBXBuildFile; fileRef = B11E60412708CCB5002B1294 /* SearchReactor.swift */; };
		B126E59C27301DEA007248D9 /* NoteGroupViewController.swift in Sources */ = {isa = PBXBuildFile; fileRef = B126E59B27301DEA007248D9 /* NoteGroupViewController.swift */; };
		B126E59E27301DF3007248D9 /* NoteGroupReactor.swift in Sources */ = {isa = PBXBuildFile; fileRef = B126E59D27301DF3007248D9 /* NoteGroupReactor.swift */; };
		B126E5A127301E85007248D9 /* NoteCollectionViewController.swift in Sources */ = {isa = PBXBuildFile; fileRef = B126E5A027301E85007248D9 /* NoteCollectionViewController.swift */; };
		B126E5A327301E9E007248D9 /* NoteCollectionReactor.swift in Sources */ = {isa = PBXBuildFile; fileRef = B126E5A227301E9E007248D9 /* NoteCollectionReactor.swift */; };
		B12EB6FD2736861700103E42 /* PerfumeDetailViewController.swift in Sources */ = {isa = PBXBuildFile; fileRef = B12EB6FC2736861700103E42 /* PerfumeDetailViewController.swift */; };
		B12EB6FF2736862F00103E42 /* PerfumeDetailReactor.swift in Sources */ = {isa = PBXBuildFile; fileRef = B12EB6FE2736862F00103E42 /* PerfumeDetailReactor.swift */; };
		B12EB7022736887900103E42 /* PerfumeDetailNameView.swift in Sources */ = {isa = PBXBuildFile; fileRef = B12EB7012736887900103E42 /* PerfumeDetailNameView.swift */; };
		B12EB704273689D300103E42 /* UIColor+Extension.swift in Sources */ = {isa = PBXBuildFile; fileRef = B12EB703273689D300103E42 /* UIColor+Extension.swift */; };
		B12EB70627368E5B00103E42 /* UIStackView+Extension.swift in Sources */ = {isa = PBXBuildFile; fileRef = B12EB70527368E5B00103E42 /* UIStackView+Extension.swift */; };
		B16DD52B2708823000537DC9 /* Logger.swift in Sources */ = {isa = PBXBuildFile; fileRef = B16DD52A2708823000537DC9 /* Logger.swift */; };
/* End PBXBuildFile section */

/* Begin PBXFileReference section */
		9E9C338626E735640036175C /* MashUpPerfumeProject.app */ = {isa = PBXFileReference; explicitFileType = wrapper.application; includeInIndex = 0; path = MashUpPerfumeProject.app; sourceTree = BUILT_PRODUCTS_DIR; };
		9E9C338926E735640036175C /* AppDelegate.swift */ = {isa = PBXFileReference; lastKnownFileType = sourcecode.swift; path = AppDelegate.swift; sourceTree = "<group>"; };
		9E9C338B26E735640036175C /* SceneDelegate.swift */ = {isa = PBXFileReference; lastKnownFileType = sourcecode.swift; path = SceneDelegate.swift; sourceTree = "<group>"; };
		9E9C338D26E735640036175C /* ViewController.swift */ = {isa = PBXFileReference; lastKnownFileType = sourcecode.swift; path = ViewController.swift; sourceTree = "<group>"; };
		9E9C339226E735680036175C /* Assets.xcassets */ = {isa = PBXFileReference; lastKnownFileType = folder.assetcatalog; path = Assets.xcassets; sourceTree = "<group>"; };
		9E9C339526E735680036175C /* Base */ = {isa = PBXFileReference; lastKnownFileType = file.storyboard; name = Base; path = Base.lproj/LaunchScreen.storyboard; sourceTree = "<group>"; };
		9E9C339726E735680036175C /* Info.plist */ = {isa = PBXFileReference; lastKnownFileType = text.plist.xml; path = Info.plist; sourceTree = "<group>"; };
		9EDDD65626EDAC9700456352 /* NewReactor.swift */ = {isa = PBXFileReference; lastKnownFileType = sourcecode.swift; path = NewReactor.swift; sourceTree = "<group>"; };
		9EDDD65826EDAEA800456352 /* BaseViewController.swift */ = {isa = PBXFileReference; lastKnownFileType = sourcecode.swift; path = BaseViewController.swift; sourceTree = "<group>"; };
		9EDDD65A26EDB11F00456352 /* UIView+Extension.swift */ = {isa = PBXFileReference; lastKnownFileType = sourcecode.swift; path = "UIView+Extension.swift"; sourceTree = "<group>"; };
		9EE8C5FD2708850F00627CFA /* APITarget.swift */ = {isa = PBXFileReference; lastKnownFileType = sourcecode.swift; path = APITarget.swift; sourceTree = "<group>"; };
		9EE8C5FF2708855B00627CFA /* APIService.swift */ = {isa = PBXFileReference; lastKnownFileType = sourcecode.swift; path = APIService.swift; sourceTree = "<group>"; };
		B11E603F2708CCA5002B1294 /* SearchViewController.swift */ = {isa = PBXFileReference; lastKnownFileType = sourcecode.swift; path = SearchViewController.swift; sourceTree = "<group>"; };
		B11E60412708CCB5002B1294 /* SearchReactor.swift */ = {isa = PBXFileReference; lastKnownFileType = sourcecode.swift; path = SearchReactor.swift; sourceTree = "<group>"; };
		B126E59B27301DEA007248D9 /* NoteGroupViewController.swift */ = {isa = PBXFileReference; lastKnownFileType = sourcecode.swift; path = NoteGroupViewController.swift; sourceTree = "<group>"; };
		B126E59D27301DF3007248D9 /* NoteGroupReactor.swift */ = {isa = PBXFileReference; lastKnownFileType = sourcecode.swift; path = NoteGroupReactor.swift; sourceTree = "<group>"; };
		B126E5A027301E85007248D9 /* NoteCollectionViewController.swift */ = {isa = PBXFileReference; lastKnownFileType = sourcecode.swift; path = NoteCollectionViewController.swift; sourceTree = "<group>"; };
		B126E5A227301E9E007248D9 /* NoteCollectionReactor.swift */ = {isa = PBXFileReference; lastKnownFileType = sourcecode.swift; path = NoteCollectionReactor.swift; sourceTree = "<group>"; };
		B12EB6FC2736861700103E42 /* PerfumeDetailViewController.swift */ = {isa = PBXFileReference; lastKnownFileType = sourcecode.swift; path = PerfumeDetailViewController.swift; sourceTree = "<group>"; };
		B12EB6FE2736862F00103E42 /* PerfumeDetailReactor.swift */ = {isa = PBXFileReference; lastKnownFileType = sourcecode.swift; path = PerfumeDetailReactor.swift; sourceTree = "<group>"; };
		B12EB7012736887900103E42 /* PerfumeDetailNameView.swift */ = {isa = PBXFileReference; lastKnownFileType = sourcecode.swift; path = PerfumeDetailNameView.swift; sourceTree = "<group>"; };
		B12EB703273689D300103E42 /* UIColor+Extension.swift */ = {isa = PBXFileReference; lastKnownFileType = sourcecode.swift; path = "UIColor+Extension.swift"; sourceTree = "<group>"; };
		B12EB70527368E5B00103E42 /* UIStackView+Extension.swift */ = {isa = PBXFileReference; lastKnownFileType = sourcecode.swift; path = "UIStackView+Extension.swift"; sourceTree = "<group>"; };
		B16DD52A2708823000537DC9 /* Logger.swift */ = {isa = PBXFileReference; lastKnownFileType = sourcecode.swift; path = Logger.swift; sourceTree = "<group>"; };
/* End PBXFileReference section */

/* Begin PBXFrameworksBuildPhase section */
		9E9C338326E735640036175C /* Frameworks */ = {
			isa = PBXFrameworksBuildPhase;
			buildActionMask = 2147483647;
			files = (
				9E9C33A226E737900036175C /* RxSwift in Frameworks */,
				9E9C33AA26E737900036175C /* RxBlocking in Frameworks */,
				9EE8C5F627087DB800627CFA /* Moya in Frameworks */,
				9E9C33A826E737900036175C /* RxCocoa in Frameworks */,
				9EE8C5F827087DB800627CFA /* RxMoya in Frameworks */,
				9E9C33A626E737900036175C /* RxRelay in Frameworks */,
				9E9C339F26E7371B0036175C /* ReactorKit in Frameworks */,
			);
			runOnlyForDeploymentPostprocessing = 0;
		};
/* End PBXFrameworksBuildPhase section */

/* Begin PBXGroup section */
		9E9C337D26E735640036175C = {
			isa = PBXGroup;
			children = (
				9E9C338826E735640036175C /* MashUpPerfumeProject */,
				9E9C338726E735640036175C /* Products */,
				9EE8C5F927087FDF00627CFA /* Frameworks */,
			);
			sourceTree = "<group>";
		};
		9E9C338726E735640036175C /* Products */ = {
			isa = PBXGroup;
			children = (
				9E9C338626E735640036175C /* MashUpPerfumeProject.app */,
			);
			name = Products;
			sourceTree = "<group>";
		};
		9E9C338826E735640036175C /* MashUpPerfumeProject */ = {
			isa = PBXGroup;
			children = (
				9EE8C6032708CB3C00627CFA /* Support */,
				9EE8C6012708CB0F00627CFA /* AppCycle */,
				9EE8C5FB2708847900627CFA /* Flow */,
				9EE8C5FA2708841600627CFA /* Global */,
				9E9C339226E735680036175C /* Assets.xcassets */,
				9E9C339426E735680036175C /* LaunchScreen.storyboard */,
				9E9C339726E735680036175C /* Info.plist */,
			);
			path = MashUpPerfumeProject;
			sourceTree = "<group>";
		};
		9EE8C5F927087FDF00627CFA /* Frameworks */ = {
			isa = PBXGroup;
			children = (
			);
			name = Frameworks;
			sourceTree = "<group>";
		};
		9EE8C5FA2708841600627CFA /* Global */ = {
			isa = PBXGroup;
			children = (
				9EE8C6052708CB6D00627CFA /* Base */,
				9EE8C6022708CB2200627CFA /* Extension */,
				9EE8C5FC270884E900627CFA /* Service */,
			);
			path = Global;
			sourceTree = "<group>";
		};
		9EE8C5FB2708847900627CFA /* Flow */ = {
			isa = PBXGroup;
			children = (
				B12EB6FB273685F600103E42 /* Detail */,
				B11E603E2708CBD5002B1294 /* Search */,
			);
			path = Flow;
			sourceTree = "<group>";
		};
		9EE8C5FC270884E900627CFA /* Service */ = {
			isa = PBXGroup;
			children = (
				9EE8C5FD2708850F00627CFA /* APITarget.swift */,
				9EE8C5FF2708855B00627CFA /* APIService.swift */,
			);
			path = Service;
			sourceTree = "<group>";
		};
		9EE8C6012708CB0F00627CFA /* AppCycle */ = {
			isa = PBXGroup;
			children = (
				9E9C338B26E735640036175C /* SceneDelegate.swift */,
				9E9C338926E735640036175C /* AppDelegate.swift */,
			);
			path = AppCycle;
			sourceTree = "<group>";
		};
		9EE8C6022708CB2200627CFA /* Extension */ = {
			isa = PBXGroup;
			children = (
				9EDDD65A26EDB11F00456352 /* UIView+Extension.swift */,
				B12EB70527368E5B00103E42 /* UIStackView+Extension.swift */,
				B12EB703273689D300103E42 /* UIColor+Extension.swift */,
			);
			path = Extension;
			sourceTree = "<group>";
		};
		9EE8C6032708CB3C00627CFA /* Support */ = {
			isa = PBXGroup;
			children = (
				9EE8C6042708CB5500627CFA /* Example */,
				B16DD52A2708823000537DC9 /* Logger.swift */,
			);
			path = Support;
			sourceTree = "<group>";
		};
		9EE8C6042708CB5500627CFA /* Example */ = {
			isa = PBXGroup;
			children = (
				9E9C338D26E735640036175C /* ViewController.swift */,
				9EDDD65626EDAC9700456352 /* NewReactor.swift */,
			);
			path = Example;
			sourceTree = "<group>";
		};
		9EE8C6052708CB6D00627CFA /* Base */ = {
			isa = PBXGroup;
			children = (
				9EDDD65826EDAEA800456352 /* BaseViewController.swift */,
			);
			path = Base;
			sourceTree = "<group>";
		};
		B11E603E2708CBD5002B1294 /* Search */ = {
			isa = PBXGroup;
			children = (
				B126E59F27301E75007248D9 /* NoteCollection */,
				B126E59A27301DC6007248D9 /* NoteGroup */,
				B126E59927301DBB007248D9 /* Search */,
			);
			path = Search;
			sourceTree = "<group>";
		};
		B126E59927301DBB007248D9 /* Search */ = {
			isa = PBXGroup;
			children = (
				B11E603F2708CCA5002B1294 /* SearchViewController.swift */,
				B11E60412708CCB5002B1294 /* SearchReactor.swift */,
			);
			path = Search;
			sourceTree = "<group>";
		};
		B126E59A27301DC6007248D9 /* NoteGroup */ = {
			isa = PBXGroup;
			children = (
				B126E59B27301DEA007248D9 /* NoteGroupViewController.swift */,
				B126E59D27301DF3007248D9 /* NoteGroupReactor.swift */,
			);
			path = NoteGroup;
			sourceTree = "<group>";
		};
		B126E59F27301E75007248D9 /* NoteCollection */ = {
			isa = PBXGroup;
			children = (
				B126E5A027301E85007248D9 /* NoteCollectionViewController.swift */,
				B126E5A227301E9E007248D9 /* NoteCollectionReactor.swift */,
			);
			path = NoteCollection;
			sourceTree = "<group>";
		};
		B12EB6FB273685F600103E42 /* Detail */ = {
			isa = PBXGroup;
			children = (
				B12EB6FC2736861700103E42 /* PerfumeDetailViewController.swift */,
				B12EB6FE2736862F00103E42 /* PerfumeDetailReactor.swift */,
				B12EB7002736879F00103E42 /* SupportViews */,
			);
			path = Detail;
			sourceTree = "<group>";
		};
		B12EB7002736879F00103E42 /* SupportViews */ = {
			isa = PBXGroup;
			children = (
				B12EB7012736887900103E42 /* PerfumeDetailNameView.swift */,
			);
			path = SupportViews;
			sourceTree = "<group>";
		};
/* End PBXGroup section */

/* Begin PBXNativeTarget section */
		9E9C338526E735640036175C /* MashUpPerfumeProject */ = {
			isa = PBXNativeTarget;
			buildConfigurationList = 9E9C339A26E735680036175C /* Build configuration list for PBXNativeTarget "MashUpPerfumeProject" */;
			buildPhases = (
				9E9C338226E735640036175C /* Sources */,
				9E9C338326E735640036175C /* Frameworks */,
				9E9C338426E735640036175C /* Resources */,
			);
			buildRules = (
			);
			dependencies = (
			);
			name = MashUpPerfumeProject;
			packageProductDependencies = (
				9E9C339E26E7371B0036175C /* ReactorKit */,
				9E9C33A126E737900036175C /* RxSwift */,
				9E9C33A526E737900036175C /* RxRelay */,
				9E9C33A726E737900036175C /* RxCocoa */,
				9E9C33A926E737900036175C /* RxBlocking */,
				9EE8C5F527087DB800627CFA /* Moya */,
				9EE8C5F727087DB800627CFA /* RxMoya */,
			);
			productName = MashUpPerfumeProject;
			productReference = 9E9C338626E735640036175C /* MashUpPerfumeProject.app */;
			productType = "com.apple.product-type.application";
		};
/* End PBXNativeTarget section */

/* Begin PBXProject section */
		9E9C337E26E735640036175C /* Project object */ = {
			isa = PBXProject;
			attributes = {
				LastSwiftUpdateCheck = 1250;
				LastUpgradeCheck = 1250;
				TargetAttributes = {
					9E9C338526E735640036175C = {
						CreatedOnToolsVersion = 12.5.1;
					};
				};
			};
			buildConfigurationList = 9E9C338126E735640036175C /* Build configuration list for PBXProject "MashUpPerfumeProject" */;
			compatibilityVersion = "Xcode 9.3";
			developmentRegion = en;
			hasScannedForEncodings = 0;
			knownRegions = (
				en,
				Base,
			);
			mainGroup = 9E9C337D26E735640036175C;
			packageReferences = (
				9E9C339D26E7371B0036175C /* XCRemoteSwiftPackageReference "ReactorKit" */,
				9E9C33A026E737900036175C /* XCRemoteSwiftPackageReference "RxSwift" */,
				9EE8C5F427087DB800627CFA /* XCRemoteSwiftPackageReference "Moya" */,
			);
			productRefGroup = 9E9C338726E735640036175C /* Products */;
			projectDirPath = "";
			projectRoot = "";
			targets = (
				9E9C338526E735640036175C /* MashUpPerfumeProject */,
			);
		};
/* End PBXProject section */

/* Begin PBXResourcesBuildPhase section */
		9E9C338426E735640036175C /* Resources */ = {
			isa = PBXResourcesBuildPhase;
			buildActionMask = 2147483647;
			files = (
				9E9C339626E735680036175C /* LaunchScreen.storyboard in Resources */,
				9E9C339326E735680036175C /* Assets.xcassets in Resources */,
			);
			runOnlyForDeploymentPostprocessing = 0;
		};
/* End PBXResourcesBuildPhase section */

/* Begin PBXSourcesBuildPhase section */
		9E9C338226E735640036175C /* Sources */ = {
			isa = PBXSourcesBuildPhase;
			buildActionMask = 2147483647;
			files = (
				B11E60402708CCA5002B1294 /* SearchViewController.swift in Sources */,
				9EDDD65B26EDB11F00456352 /* UIView+Extension.swift in Sources */,
				B126E5A327301E9E007248D9 /* NoteCollectionReactor.swift in Sources */,
				B12EB7022736887900103E42 /* PerfumeDetailNameView.swift in Sources */,
				9EDDD65926EDAEA800456352 /* BaseViewController.swift in Sources */,
				9E9C338E26E735640036175C /* ViewController.swift in Sources */,
				B126E59C27301DEA007248D9 /* NoteGroupViewController.swift in Sources */,
				B12EB6FD2736861700103E42 /* PerfumeDetailViewController.swift in Sources */,
				B12EB6FF2736862F00103E42 /* PerfumeDetailReactor.swift in Sources */,
				9EDDD65726EDAC9700456352 /* NewReactor.swift in Sources */,
				B16DD52B2708823000537DC9 /* Logger.swift in Sources */,
				9E9C338A26E735640036175C /* AppDelegate.swift in Sources */,
				B126E5A127301E85007248D9 /* NoteCollectionViewController.swift in Sources */,
				B11E60422708CCB5002B1294 /* SearchReactor.swift in Sources */,
				9EE8C5FE2708850F00627CFA /* APITarget.swift in Sources */,
				9EE8C6002708855B00627CFA /* APIService.swift in Sources */,
				9E9C338C26E735640036175C /* SceneDelegate.swift in Sources */,
				B126E59E27301DF3007248D9 /* NoteGroupReactor.swift in Sources */,
				B12EB704273689D300103E42 /* UIColor+Extension.swift in Sources */,
				B12EB70627368E5B00103E42 /* UIStackView+Extension.swift in Sources */,
			);
			runOnlyForDeploymentPostprocessing = 0;
		};
/* End PBXSourcesBuildPhase section */

/* Begin PBXVariantGroup section */
		9E9C339426E735680036175C /* LaunchScreen.storyboard */ = {
			isa = PBXVariantGroup;
			children = (
				9E9C339526E735680036175C /* Base */,
			);
			name = LaunchScreen.storyboard;
			sourceTree = "<group>";
		};
/* End PBXVariantGroup section */

/* Begin XCBuildConfiguration section */
		9E9C339826E735680036175C /* Debug */ = {
			isa = XCBuildConfiguration;
			buildSettings = {
				ALWAYS_SEARCH_USER_PATHS = NO;
				CLANG_ANALYZER_NONNULL = YES;
				CLANG_ANALYZER_NUMBER_OBJECT_CONVERSION = YES_AGGRESSIVE;
				CLANG_CXX_LANGUAGE_STANDARD = "gnu++14";
				CLANG_CXX_LIBRARY = "libc++";
				CLANG_ENABLE_MODULES = YES;
				CLANG_ENABLE_OBJC_ARC = YES;
				CLANG_ENABLE_OBJC_WEAK = YES;
				CLANG_WARN_BLOCK_CAPTURE_AUTORELEASING = YES;
				CLANG_WARN_BOOL_CONVERSION = YES;
				CLANG_WARN_COMMA = YES;
				CLANG_WARN_CONSTANT_CONVERSION = YES;
				CLANG_WARN_DEPRECATED_OBJC_IMPLEMENTATIONS = YES;
				CLANG_WARN_DIRECT_OBJC_ISA_USAGE = YES_ERROR;
				CLANG_WARN_DOCUMENTATION_COMMENTS = YES;
				CLANG_WARN_EMPTY_BODY = YES;
				CLANG_WARN_ENUM_CONVERSION = YES;
				CLANG_WARN_INFINITE_RECURSION = YES;
				CLANG_WARN_INT_CONVERSION = YES;
				CLANG_WARN_NON_LITERAL_NULL_CONVERSION = YES;
				CLANG_WARN_OBJC_IMPLICIT_RETAIN_SELF = YES;
				CLANG_WARN_OBJC_LITERAL_CONVERSION = YES;
				CLANG_WARN_OBJC_ROOT_CLASS = YES_ERROR;
				CLANG_WARN_QUOTED_INCLUDE_IN_FRAMEWORK_HEADER = YES;
				CLANG_WARN_RANGE_LOOP_ANALYSIS = YES;
				CLANG_WARN_STRICT_PROTOTYPES = YES;
				CLANG_WARN_SUSPICIOUS_MOVE = YES;
				CLANG_WARN_UNGUARDED_AVAILABILITY = YES_AGGRESSIVE;
				CLANG_WARN_UNREACHABLE_CODE = YES;
				CLANG_WARN__DUPLICATE_METHOD_MATCH = YES;
				COPY_PHASE_STRIP = NO;
				DEBUG_INFORMATION_FORMAT = dwarf;
				ENABLE_STRICT_OBJC_MSGSEND = YES;
				ENABLE_TESTABILITY = YES;
				GCC_C_LANGUAGE_STANDARD = gnu11;
				GCC_DYNAMIC_NO_PIC = NO;
				GCC_NO_COMMON_BLOCKS = YES;
				GCC_OPTIMIZATION_LEVEL = 0;
				GCC_PREPROCESSOR_DEFINITIONS = (
					"DEBUG=1",
					"$(inherited)",
				);
				GCC_WARN_64_TO_32_BIT_CONVERSION = YES;
				GCC_WARN_ABOUT_RETURN_TYPE = YES_ERROR;
				GCC_WARN_UNDECLARED_SELECTOR = YES;
				GCC_WARN_UNINITIALIZED_AUTOS = YES_AGGRESSIVE;
				GCC_WARN_UNUSED_FUNCTION = YES;
				GCC_WARN_UNUSED_VARIABLE = YES;
				IPHONEOS_DEPLOYMENT_TARGET = 13.0;
				MTL_ENABLE_DEBUG_INFO = INCLUDE_SOURCE;
				MTL_FAST_MATH = YES;
				ONLY_ACTIVE_ARCH = YES;
				SDKROOT = iphoneos;
				SWIFT_ACTIVE_COMPILATION_CONDITIONS = DEBUG;
				SWIFT_OPTIMIZATION_LEVEL = "-Onone";
			};
			name = Debug;
		};
		9E9C339926E735680036175C /* Release */ = {
			isa = XCBuildConfiguration;
			buildSettings = {
				ALWAYS_SEARCH_USER_PATHS = NO;
				CLANG_ANALYZER_NONNULL = YES;
				CLANG_ANALYZER_NUMBER_OBJECT_CONVERSION = YES_AGGRESSIVE;
				CLANG_CXX_LANGUAGE_STANDARD = "gnu++14";
				CLANG_CXX_LIBRARY = "libc++";
				CLANG_ENABLE_MODULES = YES;
				CLANG_ENABLE_OBJC_ARC = YES;
				CLANG_ENABLE_OBJC_WEAK = YES;
				CLANG_WARN_BLOCK_CAPTURE_AUTORELEASING = YES;
				CLANG_WARN_BOOL_CONVERSION = YES;
				CLANG_WARN_COMMA = YES;
				CLANG_WARN_CONSTANT_CONVERSION = YES;
				CLANG_WARN_DEPRECATED_OBJC_IMPLEMENTATIONS = YES;
				CLANG_WARN_DIRECT_OBJC_ISA_USAGE = YES_ERROR;
				CLANG_WARN_DOCUMENTATION_COMMENTS = YES;
				CLANG_WARN_EMPTY_BODY = YES;
				CLANG_WARN_ENUM_CONVERSION = YES;
				CLANG_WARN_INFINITE_RECURSION = YES;
				CLANG_WARN_INT_CONVERSION = YES;
				CLANG_WARN_NON_LITERAL_NULL_CONVERSION = YES;
				CLANG_WARN_OBJC_IMPLICIT_RETAIN_SELF = YES;
				CLANG_WARN_OBJC_LITERAL_CONVERSION = YES;
				CLANG_WARN_OBJC_ROOT_CLASS = YES_ERROR;
				CLANG_WARN_QUOTED_INCLUDE_IN_FRAMEWORK_HEADER = YES;
				CLANG_WARN_RANGE_LOOP_ANALYSIS = YES;
				CLANG_WARN_STRICT_PROTOTYPES = YES;
				CLANG_WARN_SUSPICIOUS_MOVE = YES;
				CLANG_WARN_UNGUARDED_AVAILABILITY = YES_AGGRESSIVE;
				CLANG_WARN_UNREACHABLE_CODE = YES;
				CLANG_WARN__DUPLICATE_METHOD_MATCH = YES;
				COPY_PHASE_STRIP = NO;
				DEBUG_INFORMATION_FORMAT = "dwarf-with-dsym";
				ENABLE_NS_ASSERTIONS = NO;
				ENABLE_STRICT_OBJC_MSGSEND = YES;
				GCC_C_LANGUAGE_STANDARD = gnu11;
				GCC_NO_COMMON_BLOCKS = YES;
				GCC_WARN_64_TO_32_BIT_CONVERSION = YES;
				GCC_WARN_ABOUT_RETURN_TYPE = YES_ERROR;
				GCC_WARN_UNDECLARED_SELECTOR = YES;
				GCC_WARN_UNINITIALIZED_AUTOS = YES_AGGRESSIVE;
				GCC_WARN_UNUSED_FUNCTION = YES;
				GCC_WARN_UNUSED_VARIABLE = YES;
				IPHONEOS_DEPLOYMENT_TARGET = 13.0;
				MTL_ENABLE_DEBUG_INFO = NO;
				MTL_FAST_MATH = YES;
				SDKROOT = iphoneos;
				SWIFT_COMPILATION_MODE = wholemodule;
				SWIFT_OPTIMIZATION_LEVEL = "-O";
				VALIDATE_PRODUCT = YES;
			};
			name = Release;
		};
		9E9C339B26E735680036175C /* Debug */ = {
			isa = XCBuildConfiguration;
			buildSettings = {
				ASSETCATALOG_COMPILER_APPICON_NAME = AppIcon;
				ASSETCATALOG_COMPILER_GLOBAL_ACCENT_COLOR_NAME = AccentColor;
				CODE_SIGN_IDENTITY = "Apple Development";
				CODE_SIGN_STYLE = Automatic;
				DEVELOPMENT_TEAM = WFRFQ5S6AR;
				ENABLE_TESTING_SEARCH_PATHS = YES;
				INFOPLIST_FILE = MashUpPerfumeProject/Info.plist;
				IPHONEOS_DEPLOYMENT_TARGET = 13.0;
				LD_RUNPATH_SEARCH_PATHS = (
					"$(inherited)",
					"@executable_path/Frameworks",
				);
				PRODUCT_BUNDLE_IDENTIFIER = com.minseung.MashUpPerfumeProject;
				PRODUCT_NAME = "$(TARGET_NAME)";
				PROVISIONING_PROFILE_SPECIFIER = "";
				SWIFT_VERSION = 5.0;
				TARGETED_DEVICE_FAMILY = 1;
			};
			name = Debug;
		};
		9E9C339C26E735680036175C /* Release */ = {
			isa = XCBuildConfiguration;
			buildSettings = {
				ASSETCATALOG_COMPILER_APPICON_NAME = AppIcon;
				ASSETCATALOG_COMPILER_GLOBAL_ACCENT_COLOR_NAME = AccentColor;
				CODE_SIGN_IDENTITY = "Apple Development";
				CODE_SIGN_STYLE = Automatic;
				DEVELOPMENT_TEAM = WFRFQ5S6AR;
				ENABLE_TESTING_SEARCH_PATHS = YES;
				INFOPLIST_FILE = MashUpPerfumeProject/Info.plist;
				IPHONEOS_DEPLOYMENT_TARGET = 13.0;
				LD_RUNPATH_SEARCH_PATHS = (
					"$(inherited)",
					"@executable_path/Frameworks",
				);
				PRODUCT_BUNDLE_IDENTIFIER = com.minseung.MashUpPerfumeProject;
				PRODUCT_NAME = "$(TARGET_NAME)";
				PROVISIONING_PROFILE_SPECIFIER = "";
				SWIFT_VERSION = 5.0;
				TARGETED_DEVICE_FAMILY = 1;
			};
			name = Release;
		};
/* End XCBuildConfiguration section */

/* Begin XCConfigurationList section */
		9E9C338126E735640036175C /* Build configuration list for PBXProject "MashUpPerfumeProject" */ = {
			isa = XCConfigurationList;
			buildConfigurations = (
				9E9C339826E735680036175C /* Debug */,
				9E9C339926E735680036175C /* Release */,
			);
			defaultConfigurationIsVisible = 0;
			defaultConfigurationName = Release;
		};
		9E9C339A26E735680036175C /* Build configuration list for PBXNativeTarget "MashUpPerfumeProject" */ = {
			isa = XCConfigurationList;
			buildConfigurations = (
				9E9C339B26E735680036175C /* Debug */,
				9E9C339C26E735680036175C /* Release */,
			);
			defaultConfigurationIsVisible = 0;
			defaultConfigurationName = Release;
		};
/* End XCConfigurationList section */

/* Begin XCRemoteSwiftPackageReference section */
		9E9C339D26E7371B0036175C /* XCRemoteSwiftPackageReference "ReactorKit" */ = {
			isa = XCRemoteSwiftPackageReference;
			repositoryURL = "https://github.com/ReactorKit/ReactorKit";
			requirement = {
				kind = upToNextMajorVersion;
				minimumVersion = 3.0.0;
			};
		};
		9E9C33A026E737900036175C /* XCRemoteSwiftPackageReference "RxSwift" */ = {
			isa = XCRemoteSwiftPackageReference;
			repositoryURL = "https://github.com/ReactiveX/RxSwift";
			requirement = {
				kind = upToNextMajorVersion;
				minimumVersion = 6.2.0;
			};
		};
		9EE8C5F427087DB800627CFA /* XCRemoteSwiftPackageReference "Moya" */ = {
			isa = XCRemoteSwiftPackageReference;
			repositoryURL = "https://github.com/Moya/Moya.git";
			requirement = {
				kind = exactVersion;
				version = 15.0.0;
			};
		};
/* End XCRemoteSwiftPackageReference section */

/* Begin XCSwiftPackageProductDependency section */
		9E9C339E26E7371B0036175C /* ReactorKit */ = {
			isa = XCSwiftPackageProductDependency;
			package = 9E9C339D26E7371B0036175C /* XCRemoteSwiftPackageReference "ReactorKit" */;
			productName = ReactorKit;
		};
		9E9C33A126E737900036175C /* RxSwift */ = {
			isa = XCSwiftPackageProductDependency;
			package = 9E9C33A026E737900036175C /* XCRemoteSwiftPackageReference "RxSwift" */;
			productName = RxSwift;
		};
		9E9C33A526E737900036175C /* RxRelay */ = {
			isa = XCSwiftPackageProductDependency;
			package = 9E9C33A026E737900036175C /* XCRemoteSwiftPackageReference "RxSwift" */;
			productName = RxRelay;
		};
		9E9C33A726E737900036175C /* RxCocoa */ = {
			isa = XCSwiftPackageProductDependency;
			package = 9E9C33A026E737900036175C /* XCRemoteSwiftPackageReference "RxSwift" */;
			productName = RxCocoa;
		};
		9E9C33A926E737900036175C /* RxBlocking */ = {
			isa = XCSwiftPackageProductDependency;
			package = 9E9C33A026E737900036175C /* XCRemoteSwiftPackageReference "RxSwift" */;
			productName = RxBlocking;
		};
		9EE8C5F527087DB800627CFA /* Moya */ = {
			isa = XCSwiftPackageProductDependency;
			package = 9EE8C5F427087DB800627CFA /* XCRemoteSwiftPackageReference "Moya" */;
			productName = Moya;
		};
		9EE8C5F727087DB800627CFA /* RxMoya */ = {
			isa = XCSwiftPackageProductDependency;
			package = 9EE8C5F427087DB800627CFA /* XCRemoteSwiftPackageReference "Moya" */;
			productName = RxMoya;
		};
/* End XCSwiftPackageProductDependency section */
	};
	rootObject = 9E9C337E26E735640036175C /* Project object */;
}
